// !$*UTF8*$!
{
	archiveVersion = 1;
	classes = {
	};
	objectVersion = 50;
	objects = {

/* Begin PBXBuildFile section */
		B11FC0DF228B5EFE00DF93B5 /* AppDelegate.swift in Sources */ = {isa = PBXBuildFile; fileRef = B11FC0DE228B5EFE00DF93B5 /* AppDelegate.swift */; };
		B11FC0E1228B5EFE00DF93B5 /* CompaniesViewController.swift in Sources */ = {isa = PBXBuildFile; fileRef = B11FC0E0228B5EFE00DF93B5 /* CompaniesViewController.swift */; };
		B11FC0E4228B5EFE00DF93B5 /* Main.storyboard in Resources */ = {isa = PBXBuildFile; fileRef = B11FC0E2228B5EFE00DF93B5 /* Main.storyboard */; };
		B11FC0E6228B5EFF00DF93B5 /* Assets.xcassets in Resources */ = {isa = PBXBuildFile; fileRef = B11FC0E5228B5EFF00DF93B5 /* Assets.xcassets */; };
		B11FC0E9228B5EFF00DF93B5 /* LaunchScreen.storyboard in Resources */ = {isa = PBXBuildFile; fileRef = B11FC0E7228B5EFF00DF93B5 /* LaunchScreen.storyboard */; };
		B11FC0F2228B610700DF93B5 /* UIColor+Scheme.swift in Sources */ = {isa = PBXBuildFile; fileRef = B11FC0F1228B610700DF93B5 /* UIColor+Scheme.swift */; };
		B11FC0F5228B6DD400DF93B5 /* AddCompanyViewController.swift in Sources */ = {isa = PBXBuildFile; fileRef = B11FC0F4228B6DD400DF93B5 /* AddCompanyViewController.swift */; };
		B11FC0F7228B7BA100DF93B5 /* UIView+ConstraintLayout.swift in Sources */ = {isa = PBXBuildFile; fileRef = B11FC0F6228B7BA100DF93B5 /* UIView+ConstraintLayout.swift */; };
		B11FC0FA228B84D700DF93B5 /* JobTrackerModel.xcdatamodeld in Sources */ = {isa = PBXBuildFile; fileRef = B11FC0F8228B84D700DF93B5 /* JobTrackerModel.xcdatamodeld */; };
		B11FC0FC228CACC400DF93B5 /* CoreDataManager.swift in Sources */ = {isa = PBXBuildFile; fileRef = B11FC0FB228CACC400DF93B5 /* CoreDataManager.swift */; };
		B13EA089228E18A500BD25BF /* CompanyTableViewCell.swift in Sources */ = {isa = PBXBuildFile; fileRef = B13EA088228E18A500BD25BF /* CompanyTableViewCell.swift */; };
/* End PBXBuildFile section */

/* Begin PBXFileReference section */
		B11FC0DB228B5EFE00DF93B5 /* JobTracker.app */ = {isa = PBXFileReference; explicitFileType = wrapper.application; includeInIndex = 0; path = JobTracker.app; sourceTree = BUILT_PRODUCTS_DIR; };
		B11FC0DE228B5EFE00DF93B5 /* AppDelegate.swift */ = {isa = PBXFileReference; lastKnownFileType = sourcecode.swift; path = AppDelegate.swift; sourceTree = "<group>"; };
		B11FC0E0228B5EFE00DF93B5 /* CompaniesViewController.swift */ = {isa = PBXFileReference; lastKnownFileType = sourcecode.swift; path = CompaniesViewController.swift; sourceTree = "<group>"; };
		B11FC0E3228B5EFE00DF93B5 /* Base */ = {isa = PBXFileReference; lastKnownFileType = file.storyboard; name = Base; path = Base.lproj/Main.storyboard; sourceTree = "<group>"; };
		B11FC0E5228B5EFF00DF93B5 /* Assets.xcassets */ = {isa = PBXFileReference; lastKnownFileType = folder.assetcatalog; path = Assets.xcassets; sourceTree = "<group>"; };
		B11FC0E8228B5EFF00DF93B5 /* Base */ = {isa = PBXFileReference; lastKnownFileType = file.storyboard; name = Base; path = Base.lproj/LaunchScreen.storyboard; sourceTree = "<group>"; };
		B11FC0EA228B5EFF00DF93B5 /* Info.plist */ = {isa = PBXFileReference; lastKnownFileType = text.plist.xml; path = Info.plist; sourceTree = "<group>"; };
		B11FC0F1228B610700DF93B5 /* UIColor+Scheme.swift */ = {isa = PBXFileReference; lastKnownFileType = sourcecode.swift; path = "UIColor+Scheme.swift"; sourceTree = "<group>"; };
		B11FC0F4228B6DD400DF93B5 /* AddCompanyViewController.swift */ = {isa = PBXFileReference; lastKnownFileType = sourcecode.swift; path = AddCompanyViewController.swift; sourceTree = "<group>"; };
		B11FC0F6228B7BA100DF93B5 /* UIView+ConstraintLayout.swift */ = {isa = PBXFileReference; fileEncoding = 4; lastKnownFileType = sourcecode.swift; path = "UIView+ConstraintLayout.swift"; sourceTree = "<group>"; };
		B11FC0F9228B84D700DF93B5 /* JobTrackerModel.xcdatamodel */ = {isa = PBXFileReference; lastKnownFileType = wrapper.xcdatamodel; path = JobTrackerModel.xcdatamodel; sourceTree = "<group>"; };
		B11FC0FB228CACC400DF93B5 /* CoreDataManager.swift */ = {isa = PBXFileReference; lastKnownFileType = sourcecode.swift; path = CoreDataManager.swift; sourceTree = "<group>"; };
		B13EA088228E18A500BD25BF /* CompanyTableViewCell.swift */ = {isa = PBXFileReference; lastKnownFileType = sourcecode.swift; path = CompanyTableViewCell.swift; sourceTree = "<group>"; };
/* End PBXFileReference section */

/* Begin PBXFrameworksBuildPhase section */
		B11FC0D8228B5EFE00DF93B5 /* Frameworks */ = {
			isa = PBXFrameworksBuildPhase;
			buildActionMask = 2147483647;
			files = (
			);
			runOnlyForDeploymentPostprocessing = 0;
		};
/* End PBXFrameworksBuildPhase section */

/* Begin PBXGroup section */
		B11FC0D2228B5EFE00DF93B5 = {
			isa = PBXGroup;
			children = (
				B11FC0DD228B5EFE00DF93B5 /* JobTracker */,
				B11FC0DC228B5EFE00DF93B5 /* Products */,
			);
			sourceTree = "<group>";
		};
		B11FC0DC228B5EFE00DF93B5 /* Products */ = {
			isa = PBXGroup;
			children = (
				B11FC0DB228B5EFE00DF93B5 /* JobTracker.app */,
			);
			name = Products;
			sourceTree = "<group>";
		};
		B11FC0DD228B5EFE00DF93B5 /* JobTracker */ = {
			isa = PBXGroup;
			children = (
				B11FC0EA228B5EFF00DF93B5 /* Info.plist */,
				B11FC0F3228B610E00DF93B5 /* Extension */,
				B11FC0F0228B5F2400DF93B5 /* SupportingFiles */,
				B11FC0E0228B5EFE00DF93B5 /* CompaniesViewController.swift */,
				B11FC0F4228B6DD400DF93B5 /* AddCompanyViewController.swift */,
				B13EA088228E18A500BD25BF /* CompanyTableViewCell.swift */,
				B11FC0FB228CACC400DF93B5 /* CoreDataManager.swift */,
				B11FC0F8228B84D700DF93B5 /* JobTrackerModel.xcdatamodeld */,
			);
			path = JobTracker;
			sourceTree = "<group>";
		};
		B11FC0F0228B5F2400DF93B5 /* SupportingFiles */ = {
			isa = PBXGroup;
			children = (
				B11FC0DE228B5EFE00DF93B5 /* AppDelegate.swift */,
				B11FC0E2228B5EFE00DF93B5 /* Main.storyboard */,
				B11FC0E5228B5EFF00DF93B5 /* Assets.xcassets */,
				B11FC0E7228B5EFF00DF93B5 /* LaunchScreen.storyboard */,
			);
			path = SupportingFiles;
			sourceTree = "<group>";
		};
		B11FC0F3228B610E00DF93B5 /* Extension */ = {
			isa = PBXGroup;
			children = (
				B11FC0F6228B7BA100DF93B5 /* UIView+ConstraintLayout.swift */,
				B11FC0F1228B610700DF93B5 /* UIColor+Scheme.swift */,
			);
			path = Extension;
			sourceTree = "<group>";
		};
/* End PBXGroup section */

/* Begin PBXNativeTarget section */
		B11FC0DA228B5EFE00DF93B5 /* JobTracker */ = {
			isa = PBXNativeTarget;
			buildConfigurationList = B11FC0ED228B5EFF00DF93B5 /* Build configuration list for PBXNativeTarget "JobTracker" */;
			buildPhases = (
				B11FC0D7228B5EFE00DF93B5 /* Sources */,
				B11FC0D8228B5EFE00DF93B5 /* Frameworks */,
				B11FC0D9228B5EFE00DF93B5 /* Resources */,
			);
			buildRules = (
			);
			dependencies = (
			);
			name = JobTracker;
			productName = JobTracker;
			productReference = B11FC0DB228B5EFE00DF93B5 /* JobTracker.app */;
			productType = "com.apple.product-type.application";
		};
/* End PBXNativeTarget section */

/* Begin PBXProject section */
		B11FC0D3228B5EFE00DF93B5 /* Project object */ = {
			isa = PBXProject;
			attributes = {
				LastSwiftUpdateCheck = 1020;
				LastUpgradeCheck = 1020;
				ORGANIZATIONNAME = "Ayana Sakai";
				TargetAttributes = {
					B11FC0DA228B5EFE00DF93B5 = {
						CreatedOnToolsVersion = 10.2.1;
					};
				};
			};
			buildConfigurationList = B11FC0D6228B5EFE00DF93B5 /* Build configuration list for PBXProject "JobTracker" */;
			compatibilityVersion = "Xcode 9.3";
			developmentRegion = en;
			hasScannedForEncodings = 0;
			knownRegions = (
				en,
				Base,
			);
			mainGroup = B11FC0D2228B5EFE00DF93B5;
			productRefGroup = B11FC0DC228B5EFE00DF93B5 /* Products */;
			projectDirPath = "";
			projectRoot = "";
			targets = (
				B11FC0DA228B5EFE00DF93B5 /* JobTracker */,
			);
		};
/* End PBXProject section */

/* Begin PBXResourcesBuildPhase section */
		B11FC0D9228B5EFE00DF93B5 /* Resources */ = {
			isa = PBXResourcesBuildPhase;
			buildActionMask = 2147483647;
			files = (
				B11FC0E9228B5EFF00DF93B5 /* LaunchScreen.storyboard in Resources */,
				B11FC0E6228B5EFF00DF93B5 /* Assets.xcassets in Resources */,
				B11FC0E4228B5EFE00DF93B5 /* Main.storyboard in Resources */,
			);
			runOnlyForDeploymentPostprocessing = 0;
		};
/* End PBXResourcesBuildPhase section */

/* Begin PBXSourcesBuildPhase section */
		B11FC0D7228B5EFE00DF93B5 /* Sources */ = {
			isa = PBXSourcesBuildPhase;
			buildActionMask = 2147483647;
			files = (
				B11FC0F5228B6DD400DF93B5 /* AddCompanyViewController.swift in Sources */,
				B11FC0E1228B5EFE00DF93B5 /* CompaniesViewController.swift in Sources */,
				B11FC0DF228B5EFE00DF93B5 /* AppDelegate.swift in Sources */,
				B11FC0F2228B610700DF93B5 /* UIColor+Scheme.swift in Sources */,
				B11FC0FA228B84D700DF93B5 /* JobTrackerModel.xcdatamodeld in Sources */,
				B11FC0FC228CACC400DF93B5 /* CoreDataManager.swift in Sources */,
				B11FC0F7228B7BA100DF93B5 /* UIView+ConstraintLayout.swift in Sources */,
				B13EA089228E18A500BD25BF /* CompanyTableViewCell.swift in Sources */,
			);
			runOnlyForDeploymentPostprocessing = 0;
		};
/* End PBXSourcesBuildPhase section */

/* Begin PBXVariantGroup section */
		B11FC0E2228B5EFE00DF93B5 /* Main.storyboard */ = {
			isa = PBXVariantGroup;
			children = (
				B11FC0E3228B5EFE00DF93B5 /* Base */,
			);
			name = Main.storyboard;
			sourceTree = "<group>";
		};
		B11FC0E7228B5EFF00DF93B5 /* LaunchScreen.storyboard */ = {
			isa = PBXVariantGroup;
			children = (
				B11FC0E8228B5EFF00DF93B5 /* Base */,
			);
			name = LaunchScreen.storyboard;
			sourceTree = "<group>";
		};
/* End PBXVariantGroup section */

/* Begin XCBuildConfiguration section */
		B11FC0EB228B5EFF00DF93B5 /* Debug */ = {
			isa = XCBuildConfiguration;
			buildSettings = {
				ALWAYS_SEARCH_USER_PATHS = NO;
				CLANG_ANALYZER_NONNULL = YES;
				CLANG_ANALYZER_NUMBER_OBJECT_CONVERSION = YES_AGGRESSIVE;
				CLANG_CXX_LANGUAGE_STANDARD = "gnu++14";
				CLANG_CXX_LIBRARY = "libc++";
				CLANG_ENABLE_MODULES = YES;
				CLANG_ENABLE_OBJC_ARC = YES;
				CLANG_ENABLE_OBJC_WEAK = YES;
				CLANG_WARN_BLOCK_CAPTURE_AUTORELEASING = YES;
				CLANG_WARN_BOOL_CONVERSION = YES;
				CLANG_WARN_COMMA = YES;
				CLANG_WARN_CONSTANT_CONVERSION = YES;
				CLANG_WARN_DEPRECATED_OBJC_IMPLEMENTATIONS = YES;
				CLANG_WARN_DIRECT_OBJC_ISA_USAGE = YES_ERROR;
				CLANG_WARN_DOCUMENTATION_COMMENTS = YES;
				CLANG_WARN_EMPTY_BODY = YES;
				CLANG_WARN_ENUM_CONVERSION = YES;
				CLANG_WARN_INFINITE_RECURSION = YES;
				CLANG_WARN_INT_CONVERSION = YES;
				CLANG_WARN_NON_LITERAL_NULL_CONVERSION = YES;
				CLANG_WARN_OBJC_IMPLICIT_RETAIN_SELF = YES;
				CLANG_WARN_OBJC_LITERAL_CONVERSION = YES;
				CLANG_WARN_OBJC_ROOT_CLASS = YES_ERROR;
				CLANG_WARN_RANGE_LOOP_ANALYSIS = YES;
				CLANG_WARN_STRICT_PROTOTYPES = YES;
				CLANG_WARN_SUSPICIOUS_MOVE = YES;
				CLANG_WARN_UNGUARDED_AVAILABILITY = YES_AGGRESSIVE;
				CLANG_WARN_UNREACHABLE_CODE = YES;
				CLANG_WARN__DUPLICATE_METHOD_MATCH = YES;
				CODE_SIGN_IDENTITY = "iPhone Developer";
				COPY_PHASE_STRIP = NO;
				DEBUG_INFORMATION_FORMAT = dwarf;
				ENABLE_STRICT_OBJC_MSGSEND = YES;
				ENABLE_TESTABILITY = YES;
				GCC_C_LANGUAGE_STANDARD = gnu11;
				GCC_DYNAMIC_NO_PIC = NO;
				GCC_NO_COMMON_BLOCKS = YES;
				GCC_OPTIMIZATION_LEVEL = 0;
				GCC_PREPROCESSOR_DEFINITIONS = (
					"DEBUG=1",
					"$(inherited)",
				);
				GCC_WARN_64_TO_32_BIT_CONVERSION = YES;
				GCC_WARN_ABOUT_RETURN_TYPE = YES_ERROR;
				GCC_WARN_UNDECLARED_SELECTOR = YES;
				GCC_WARN_UNINITIALIZED_AUTOS = YES_AGGRESSIVE;
				GCC_WARN_UNUSED_FUNCTION = YES;
				GCC_WARN_UNUSED_VARIABLE = YES;
				IPHONEOS_DEPLOYMENT_TARGET = 12.2;
				MTL_ENABLE_DEBUG_INFO = INCLUDE_SOURCE;
				MTL_FAST_MATH = YES;
				ONLY_ACTIVE_ARCH = YES;
				SDKROOT = iphoneos;
				SWIFT_ACTIVE_COMPILATION_CONDITIONS = DEBUG;
				SWIFT_OPTIMIZATION_LEVEL = "-Onone";
			};
			name = Debug;
		};
		B11FC0EC228B5EFF00DF93B5 /* Release */ = {
			isa = XCBuildConfiguration;
			buildSettings = {
				ALWAYS_SEARCH_USER_PATHS = NO;
				CLANG_ANALYZER_NONNULL = YES;
				CLANG_ANALYZER_NUMBER_OBJECT_CONVERSION = YES_AGGRESSIVE;
				CLANG_CXX_LANGUAGE_STANDARD = "gnu++14";
				CLANG_CXX_LIBRARY = "libc++";
				CLANG_ENABLE_MODULES = YES;
				CLANG_ENABLE_OBJC_ARC = YES;
				CLANG_ENABLE_OBJC_WEAK = YES;
				CLANG_WARN_BLOCK_CAPTURE_AUTORELEASING = YES;
				CLANG_WARN_BOOL_CONVERSION = YES;
				CLANG_WARN_COMMA = YES;
				CLANG_WARN_CONSTANT_CONVERSION = YES;
				CLANG_WARN_DEPRECATED_OBJC_IMPLEMENTATIONS = YES;
				CLANG_WARN_DIRECT_OBJC_ISA_USAGE = YES_ERROR;
				CLANG_WARN_DOCUMENTATION_COMMENTS = YES;
				CLANG_WARN_EMPTY_BODY = YES;
				CLANG_WARN_ENUM_CONVERSION = YES;
				CLANG_WARN_INFINITE_RECURSION = YES;
				CLANG_WARN_INT_CONVERSION = YES;
				CLANG_WARN_NON_LITERAL_NULL_CONVERSION = YES;
				CLANG_WARN_OBJC_IMPLICIT_RETAIN_SELF = YES;
				CLANG_WARN_OBJC_LITERAL_CONVERSION = YES;
				CLANG_WARN_OBJC_ROOT_CLASS = YES_ERROR;
				CLANG_WARN_RANGE_LOOP_ANALYSIS = YES;
				CLANG_WARN_STRICT_PROTOTYPES = YES;
				CLANG_WARN_SUSPICIOUS_MOVE = YES;
				CLANG_WARN_UNGUARDED_AVAILABILITY = YES_AGGRESSIVE;
				CLANG_WARN_UNREACHABLE_CODE = YES;
				CLANG_WARN__DUPLICATE_METHOD_MATCH = YES;
				CODE_SIGN_IDENTITY = "iPhone Developer";
				COPY_PHASE_STRIP = NO;
				DEBUG_INFORMATION_FORMAT = "dwarf-with-dsym";
				ENABLE_NS_ASSERTIONS = NO;
				ENABLE_STRICT_OBJC_MSGSEND = YES;
				GCC_C_LANGUAGE_STANDARD = gnu11;
				GCC_NO_COMMON_BLOCKS = YES;
				GCC_WARN_64_TO_32_BIT_CONVERSION = YES;
				GCC_WARN_ABOUT_RETURN_TYPE = YES_ERROR;
				GCC_WARN_UNDECLARED_SELECTOR = YES;
				GCC_WARN_UNINITIALIZED_AUTOS = YES_AGGRESSIVE;
				GCC_WARN_UNUSED_FUNCTION = YES;
				GCC_WARN_UNUSED_VARIABLE = YES;
				IPHONEOS_DEPLOYMENT_TARGET = 12.2;
				MTL_ENABLE_DEBUG_INFO = NO;
				MTL_FAST_MATH = YES;
				SDKROOT = iphoneos;
				SWIFT_COMPILATION_MODE = wholemodule;
				SWIFT_OPTIMIZATION_LEVEL = "-O";
				VALIDATE_PRODUCT = YES;
			};
			name = Release;
		};
		B11FC0EE228B5EFF00DF93B5 /* Debug */ = {
			isa = XCBuildConfiguration;
			buildSettings = {
				ASSETCATALOG_COMPILER_APPICON_NAME = AppIcon;
				CODE_SIGN_STYLE = Automatic;
				DEVELOPMENT_TEAM = W49D464DKJ;
				INFOPLIST_FILE = JobTracker/Info.plist;
				LD_RUNPATH_SEARCH_PATHS = (
					"$(inherited)",
					"@executable_path/Frameworks",
				);
				PRODUCT_BUNDLE_IDENTIFIER = com.peenats1203.JobTracker;
				PRODUCT_NAME = "$(TARGET_NAME)";
				SWIFT_VERSION = 5.0;
				TARGETED_DEVICE_FAMILY = "1,2";
			};
			name = Debug;
		};
		B11FC0EF228B5EFF00DF93B5 /* Release */ = {
			isa = XCBuildConfiguration;
			buildSettings = {
				ASSETCATALOG_COMPILER_APPICON_NAME = AppIcon;
				CODE_SIGN_STYLE = Automatic;
				DEVELOPMENT_TEAM = W49D464DKJ;
				INFOPLIST_FILE = JobTracker/Info.plist;
				LD_RUNPATH_SEARCH_PATHS = (
					"$(inherited)",
					"@executable_path/Frameworks",
				);
				PRODUCT_BUNDLE_IDENTIFIER = com.peenats1203.JobTracker;
				PRODUCT_NAME = "$(TARGET_NAME)";
				SWIFT_VERSION = 5.0;
				TARGETED_DEVICE_FAMILY = "1,2";
			};
			name = Release;
		};
/* End XCBuildConfiguration section */

/* Begin XCConfigurationList section */
		B11FC0D6228B5EFE00DF93B5 /* Build configuration list for PBXProject "JobTracker" */ = {
			isa = XCConfigurationList;
			buildConfigurations = (
				B11FC0EB228B5EFF00DF93B5 /* Debug */,
				B11FC0EC228B5EFF00DF93B5 /* Release */,
			);
			defaultConfigurationIsVisible = 0;
			defaultConfigurationName = Release;
		};
		B11FC0ED228B5EFF00DF93B5 /* Build configuration list for PBXNativeTarget "JobTracker" */ = {
			isa = XCConfigurationList;
			buildConfigurations = (
				B11FC0EE228B5EFF00DF93B5 /* Debug */,
				B11FC0EF228B5EFF00DF93B5 /* Release */,
			);
			defaultConfigurationIsVisible = 0;
			defaultConfigurationName = Release;
		};
/* End XCConfigurationList section */

/* Begin XCVersionGroup section */
		B11FC0F8228B84D700DF93B5 /* JobTrackerModel.xcdatamodeld */ = {
			isa = XCVersionGroup;
			children = (
				B11FC0F9228B84D700DF93B5 /* JobTrackerModel.xcdatamodel */,
			);
			currentVersion = B11FC0F9228B84D700DF93B5 /* JobTrackerModel.xcdatamodel */;
			path = JobTrackerModel.xcdatamodeld;
			sourceTree = "<group>";
			versionGroupType = wrapper.xcdatamodel;
		};
/* End XCVersionGroup section */
	};
	rootObject = B11FC0D3228B5EFE00DF93B5 /* Project object */;
}
