// !$*UTF8*$!
{
	archiveVersion = 1;
	classes = {
	};
	objectVersion = 50;
	objects = {

/* Begin PBXBuildFile section */
		B10D225C2293A0AC00C0F9BF /* AppDelegate.swift in Sources */ = {isa = PBXBuildFile; fileRef = B10D225B2293A0AC00C0F9BF /* AppDelegate.swift */; };
		B10D225E2293A0AC00C0F9BF /* ViewController.swift in Sources */ = {isa = PBXBuildFile; fileRef = B10D225D2293A0AC00C0F9BF /* ViewController.swift */; };
		B10D22612293A0AC00C0F9BF /* Main.storyboard in Resources */ = {isa = PBXBuildFile; fileRef = B10D225F2293A0AC00C0F9BF /* Main.storyboard */; };
		B10D22642293A0AC00C0F9BF /* TodoOriginal.xcdatamodeld in Sources */ = {isa = PBXBuildFile; fileRef = B10D22622293A0AC00C0F9BF /* TodoOriginal.xcdatamodeld */; };
		B10D22662293A0B000C0F9BF /* Assets.xcassets in Resources */ = {isa = PBXBuildFile; fileRef = B10D22652293A0B000C0F9BF /* Assets.xcassets */; };
		B10D22692293A0B000C0F9BF /* LaunchScreen.storyboard in Resources */ = {isa = PBXBuildFile; fileRef = B10D22672293A0B000C0F9BF /* LaunchScreen.storyboard */; };
/* End PBXBuildFile section */

/* Begin PBXFileReference section */
		B10D22582293A0AC00C0F9BF /* TodoOriginal.app */ = {isa = PBXFileReference; explicitFileType = wrapper.application; includeInIndex = 0; path = TodoOriginal.app; sourceTree = BUILT_PRODUCTS_DIR; };
		B10D225B2293A0AC00C0F9BF /* AppDelegate.swift */ = {isa = PBXFileReference; lastKnownFileType = sourcecode.swift; path = AppDelegate.swift; sourceTree = "<group>"; };
		B10D225D2293A0AC00C0F9BF /* ViewController.swift */ = {isa = PBXFileReference; lastKnownFileType = sourcecode.swift; path = ViewController.swift; sourceTree = "<group>"; };
		B10D22602293A0AC00C0F9BF /* Base */ = {isa = PBXFileReference; lastKnownFileType = file.storyboard; name = Base; path = Base.lproj/Main.storyboard; sourceTree = "<group>"; };
		B10D22632293A0AC00C0F9BF /* TodoOriginal.xcdatamodel */ = {isa = PBXFileReference; lastKnownFileType = wrapper.xcdatamodel; path = TodoOriginal.xcdatamodel; sourceTree = "<group>"; };
		B10D22652293A0B000C0F9BF /* Assets.xcassets */ = {isa = PBXFileReference; lastKnownFileType = folder.assetcatalog; path = Assets.xcassets; sourceTree = "<group>"; };
		B10D22682293A0B000C0F9BF /* Base */ = {isa = PBXFileReference; lastKnownFileType = file.storyboard; name = Base; path = Base.lproj/LaunchScreen.storyboard; sourceTree = "<group>"; };
		B10D226A2293A0B000C0F9BF /* Info.plist */ = {isa = PBXFileReference; lastKnownFileType = text.plist.xml; path = Info.plist; sourceTree = "<group>"; };
/* End PBXFileReference section */

/* Begin PBXFrameworksBuildPhase section */
		B10D22552293A0AC00C0F9BF /* Frameworks */ = {
			isa = PBXFrameworksBuildPhase;
			buildActionMask = 2147483647;
			files = (
			);
			runOnlyForDeploymentPostprocessing = 0;
		};
/* End PBXFrameworksBuildPhase section */

/* Begin PBXGroup section */
		B10D224F2293A0AC00C0F9BF = {
			isa = PBXGroup;
			children = (
				B10D225A2293A0AC00C0F9BF /* TodoOriginal */,
				B10D22592293A0AC00C0F9BF /* Products */,
			);
			sourceTree = "<group>";
		};
		B10D22592293A0AC00C0F9BF /* Products */ = {
			isa = PBXGroup;
			children = (
				B10D22582293A0AC00C0F9BF /* TodoOriginal.app */,
			);
			name = Products;
			sourceTree = "<group>";
		};
		B10D225A2293A0AC00C0F9BF /* TodoOriginal */ = {
			isa = PBXGroup;
			children = (
				B10D225B2293A0AC00C0F9BF /* AppDelegate.swift */,
				B10D225D2293A0AC00C0F9BF /* ViewController.swift */,
				B10D225F2293A0AC00C0F9BF /* Main.storyboard */,
				B10D22652293A0B000C0F9BF /* Assets.xcassets */,
				B10D22672293A0B000C0F9BF /* LaunchScreen.storyboard */,
				B10D226A2293A0B000C0F9BF /* Info.plist */,
				B10D22622293A0AC00C0F9BF /* TodoOriginal.xcdatamodeld */,
			);
			path = TodoOriginal;
			sourceTree = "<group>";
		};
/* End PBXGroup section */

/* Begin PBXNativeTarget section */
		B10D22572293A0AC00C0F9BF /* TodoOriginal */ = {
			isa = PBXNativeTarget;
			buildConfigurationList = B10D226D2293A0B000C0F9BF /* Build configuration list for PBXNativeTarget "TodoOriginal" */;
			buildPhases = (
				B10D22542293A0AC00C0F9BF /* Sources */,
				B10D22552293A0AC00C0F9BF /* Frameworks */,
				B10D22562293A0AC00C0F9BF /* Resources */,
			);
			buildRules = (
			);
			dependencies = (
			);
			name = TodoOriginal;
			productName = TodoOriginal;
			productReference = B10D22582293A0AC00C0F9BF /* TodoOriginal.app */;
			productType = "com.apple.product-type.application";
		};
/* End PBXNativeTarget section */

/* Begin PBXProject section */
		B10D22502293A0AC00C0F9BF /* Project object */ = {
			isa = PBXProject;
			attributes = {
				LastSwiftUpdateCheck = 1020;
				LastUpgradeCheck = 1020;
				ORGANIZATIONNAME = "Ayana Sakai";
				TargetAttributes = {
					B10D22572293A0AC00C0F9BF = {
						CreatedOnToolsVersion = 10.2.1;
					};
				};
			};
			buildConfigurationList = B10D22532293A0AC00C0F9BF /* Build configuration list for PBXProject "TodoOriginal" */;
			compatibilityVersion = "Xcode 9.3";
			developmentRegion = en;
			hasScannedForEncodings = 0;
			knownRegions = (
				en,
				Base,
			);
			mainGroup = B10D224F2293A0AC00C0F9BF;
			productRefGroup = B10D22592293A0AC00C0F9BF /* Products */;
			projectDirPath = "";
			projectRoot = "";
			targets = (
				B10D22572293A0AC00C0F9BF /* TodoOriginal */,
			);
		};
/* End PBXProject section */

/* Begin PBXResourcesBuildPhase section */
		B10D22562293A0AC00C0F9BF /* Resources */ = {
			isa = PBXResourcesBuildPhase;
			buildActionMask = 2147483647;
			files = (
				B10D22692293A0B000C0F9BF /* LaunchScreen.storyboard in Resources */,
				B10D22662293A0B000C0F9BF /* Assets.xcassets in Resources */,
				B10D22612293A0AC00C0F9BF /* Main.storyboard in Resources */,
			);
			runOnlyForDeploymentPostprocessing = 0;
		};
/* End PBXResourcesBuildPhase section */

/* Begin PBXSourcesBuildPhase section */
		B10D22542293A0AC00C0F9BF /* Sources */ = {
			isa = PBXSourcesBuildPhase;
			buildActionMask = 2147483647;
			files = (
				B10D225E2293A0AC00C0F9BF /* ViewController.swift in Sources */,
				B10D22642293A0AC00C0F9BF /* TodoOriginal.xcdatamodeld in Sources */,
				B10D225C2293A0AC00C0F9BF /* AppDelegate.swift in Sources */,
			);
			runOnlyForDeploymentPostprocessing = 0;
		};
/* End PBXSourcesBuildPhase section */

/* Begin PBXVariantGroup section */
		B10D225F2293A0AC00C0F9BF /* Main.storyboard */ = {
			isa = PBXVariantGroup;
			children = (
				B10D22602293A0AC00C0F9BF /* Base */,
			);
			name = Main.storyboard;
			sourceTree = "<group>";
		};
		B10D22672293A0B000C0F9BF /* LaunchScreen.storyboard */ = {
			isa = PBXVariantGroup;
			children = (
				B10D22682293A0B000C0F9BF /* Base */,
			);
			name = LaunchScreen.storyboard;
			sourceTree = "<group>";
		};
/* End PBXVariantGroup section */

/* Begin XCBuildConfiguration section */
		B10D226B2293A0B000C0F9BF /* Debug */ = {
			isa = XCBuildConfiguration;
			buildSettings = {
				ALWAYS_SEARCH_USER_PATHS = NO;
				CLANG_ANALYZER_NONNULL = YES;
				CLANG_ANALYZER_NUMBER_OBJECT_CONVERSION = YES_AGGRESSIVE;
				CLANG_CXX_LANGUAGE_STANDARD = "gnu++14";
				CLANG_CXX_LIBRARY = "libc++";
				CLANG_ENABLE_MODULES = YES;
				CLANG_ENABLE_OBJC_ARC = YES;
				CLANG_ENABLE_OBJC_WEAK = YES;
				CLANG_WARN_BLOCK_CAPTURE_AUTORELEASING = YES;
				CLANG_WARN_BOOL_CONVERSION = YES;
				CLANG_WARN_COMMA = YES;
				CLANG_WARN_CONSTANT_CONVERSION = YES;
				CLANG_WARN_DEPRECATED_OBJC_IMPLEMENTATIONS = YES;
				CLANG_WARN_DIRECT_OBJC_ISA_USAGE = YES_ERROR;
				CLANG_WARN_DOCUMENTATION_COMMENTS = YES;
				CLANG_WARN_EMPTY_BODY = YES;
				CLANG_WARN_ENUM_CONVERSION = YES;
				CLANG_WARN_INFINITE_RECURSION = YES;
				CLANG_WARN_INT_CONVERSION = YES;
				CLANG_WARN_NON_LITERAL_NULL_CONVERSION = YES;
				CLANG_WARN_OBJC_IMPLICIT_RETAIN_SELF = YES;
				CLANG_WARN_OBJC_LITERAL_CONVERSION = YES;
				CLANG_WARN_OBJC_ROOT_CLASS = YES_ERROR;
				CLANG_WARN_RANGE_LOOP_ANALYSIS = YES;
				CLANG_WARN_STRICT_PROTOTYPES = YES;
				CLANG_WARN_SUSPICIOUS_MOVE = YES;
				CLANG_WARN_UNGUARDED_AVAILABILITY = YES_AGGRESSIVE;
				CLANG_WARN_UNREACHABLE_CODE = YES;
				CLANG_WARN__DUPLICATE_METHOD_MATCH = YES;
				CODE_SIGN_IDENTITY = "iPhone Developer";
				COPY_PHASE_STRIP = NO;
				DEBUG_INFORMATION_FORMAT = dwarf;
				ENABLE_STRICT_OBJC_MSGSEND = YES;
				ENABLE_TESTABILITY = YES;
				GCC_C_LANGUAGE_STANDARD = gnu11;
				GCC_DYNAMIC_NO_PIC = NO;
				GCC_NO_COMMON_BLOCKS = YES;
				GCC_OPTIMIZATION_LEVEL = 0;
				GCC_PREPROCESSOR_DEFINITIONS = (
					"DEBUG=1",
					"$(inherited)",
				);
				GCC_WARN_64_TO_32_BIT_CONVERSION = YES;
				GCC_WARN_ABOUT_RETURN_TYPE = YES_ERROR;
				GCC_WARN_UNDECLARED_SELECTOR = YES;
				GCC_WARN_UNINITIALIZED_AUTOS = YES_AGGRESSIVE;
				GCC_WARN_UNUSED_FUNCTION = YES;
				GCC_WARN_UNUSED_VARIABLE = YES;
				IPHONEOS_DEPLOYMENT_TARGET = 12.2;
				MTL_ENABLE_DEBUG_INFO = INCLUDE_SOURCE;
				MTL_FAST_MATH = YES;
				ONLY_ACTIVE_ARCH = YES;
				SDKROOT = iphoneos;
				SWIFT_ACTIVE_COMPILATION_CONDITIONS = DEBUG;
				SWIFT_OPTIMIZATION_LEVEL = "-Onone";
			};
			name = Debug;
		};
		B10D226C2293A0B000C0F9BF /* Release */ = {
			isa = XCBuildConfiguration;
			buildSettings = {
				ALWAYS_SEARCH_USER_PATHS = NO;
				CLANG_ANALYZER_NONNULL = YES;
				CLANG_ANALYZER_NUMBER_OBJECT_CONVERSION = YES_AGGRESSIVE;
				CLANG_CXX_LANGUAGE_STANDARD = "gnu++14";
				CLANG_CXX_LIBRARY = "libc++";
				CLANG_ENABLE_MODULES = YES;
				CLANG_ENABLE_OBJC_ARC = YES;
				CLANG_ENABLE_OBJC_WEAK = YES;
				CLANG_WARN_BLOCK_CAPTURE_AUTORELEASING = YES;
				CLANG_WARN_BOOL_CONVERSION = YES;
				CLANG_WARN_COMMA = YES;
				CLANG_WARN_CONSTANT_CONVERSION = YES;
				CLANG_WARN_DEPRECATED_OBJC_IMPLEMENTATIONS = YES;
				CLANG_WARN_DIRECT_OBJC_ISA_USAGE = YES_ERROR;
				CLANG_WARN_DOCUMENTATION_COMMENTS = YES;
				CLANG_WARN_EMPTY_BODY = YES;
				CLANG_WARN_ENUM_CONVERSION = YES;
				CLANG_WARN_INFINITE_RECURSION = YES;
				CLANG_WARN_INT_CONVERSION = YES;
				CLANG_WARN_NON_LITERAL_NULL_CONVERSION = YES;
				CLANG_WARN_OBJC_IMPLICIT_RETAIN_SELF = YES;
				CLANG_WARN_OBJC_LITERAL_CONVERSION = YES;
				CLANG_WARN_OBJC_ROOT_CLASS = YES_ERROR;
				CLANG_WARN_RANGE_LOOP_ANALYSIS = YES;
				CLANG_WARN_STRICT_PROTOTYPES = YES;
				CLANG_WARN_SUSPICIOUS_MOVE = YES;
				CLANG_WARN_UNGUARDED_AVAILABILITY = YES_AGGRESSIVE;
				CLANG_WARN_UNREACHABLE_CODE = YES;
				CLANG_WARN__DUPLICATE_METHOD_MATCH = YES;
				CODE_SIGN_IDENTITY = "iPhone Developer";
				COPY_PHASE_STRIP = NO;
				DEBUG_INFORMATION_FORMAT = "dwarf-with-dsym";
				ENABLE_NS_ASSERTIONS = NO;
				ENABLE_STRICT_OBJC_MSGSEND = YES;
				GCC_C_LANGUAGE_STANDARD = gnu11;
				GCC_NO_COMMON_BLOCKS = YES;
				GCC_WARN_64_TO_32_BIT_CONVERSION = YES;
				GCC_WARN_ABOUT_RETURN_TYPE = YES_ERROR;
				GCC_WARN_UNDECLARED_SELECTOR = YES;
				GCC_WARN_UNINITIALIZED_AUTOS = YES_AGGRESSIVE;
				GCC_WARN_UNUSED_FUNCTION = YES;
				GCC_WARN_UNUSED_VARIABLE = YES;
				IPHONEOS_DEPLOYMENT_TARGET = 12.2;
				MTL_ENABLE_DEBUG_INFO = NO;
				MTL_FAST_MATH = YES;
				SDKROOT = iphoneos;
				SWIFT_COMPILATION_MODE = wholemodule;
				SWIFT_OPTIMIZATION_LEVEL = "-O";
				VALIDATE_PRODUCT = YES;
			};
			name = Release;
		};
		B10D226E2293A0B000C0F9BF /* Debug */ = {
			isa = XCBuildConfiguration;
			buildSettings = {
				ASSETCATALOG_COMPILER_APPICON_NAME = AppIcon;
				CODE_SIGN_STYLE = Automatic;
				DEVELOPMENT_TEAM = W49D464DKJ;
				INFOPLIST_FILE = TodoOriginal/Info.plist;
				LD_RUNPATH_SEARCH_PATHS = (
					"$(inherited)",
					"@executable_path/Frameworks",
				);
				PRODUCT_BUNDLE_IDENTIFIER = com.peenats1203.TodoOriginal;
				PRODUCT_NAME = "$(TARGET_NAME)";
				SWIFT_VERSION = 5.0;
				TARGETED_DEVICE_FAMILY = "1,2";
			};
			name = Debug;
		};
		B10D226F2293A0B000C0F9BF /* Release */ = {
			isa = XCBuildConfiguration;
			buildSettings = {
				ASSETCATALOG_COMPILER_APPICON_NAME = AppIcon;
				CODE_SIGN_STYLE = Automatic;
				DEVELOPMENT_TEAM = W49D464DKJ;
				INFOPLIST_FILE = TodoOriginal/Info.plist;
				LD_RUNPATH_SEARCH_PATHS = (
					"$(inherited)",
					"@executable_path/Frameworks",
				);
				PRODUCT_BUNDLE_IDENTIFIER = com.peenats1203.TodoOriginal;
				PRODUCT_NAME = "$(TARGET_NAME)";
				SWIFT_VERSION = 5.0;
				TARGETED_DEVICE_FAMILY = "1,2";
			};
			name = Release;
		};
/* End XCBuildConfiguration section */

/* Begin XCConfigurationList section */
		B10D22532293A0AC00C0F9BF /* Build configuration list for PBXProject "TodoOriginal" */ = {
			isa = XCConfigurationList;
			buildConfigurations = (
				B10D226B2293A0B000C0F9BF /* Debug */,
				B10D226C2293A0B000C0F9BF /* Release */,
			);
			defaultConfigurationIsVisible = 0;
			defaultConfigurationName = Release;
		};
		B10D226D2293A0B000C0F9BF /* Build configuration list for PBXNativeTarget "TodoOriginal" */ = {
			isa = XCConfigurationList;
			buildConfigurations = (
				B10D226E2293A0B000C0F9BF /* Debug */,
				B10D226F2293A0B000C0F9BF /* Release */,
			);
			defaultConfigurationIsVisible = 0;
			defaultConfigurationName = Release;
		};
/* End XCConfigurationList section */

/* Begin XCVersionGroup section */
		B10D22622293A0AC00C0F9BF /* TodoOriginal.xcdatamodeld */ = {
			isa = XCVersionGroup;
			children = (
				B10D22632293A0AC00C0F9BF /* TodoOriginal.xcdatamodel */,
			);
			currentVersion = B10D22632293A0AC00C0F9BF /* TodoOriginal.xcdatamodel */;
			path = TodoOriginal.xcdatamodeld;
			sourceTree = "<group>";
			versionGroupType = wrapper.xcdatamodel;
		};
/* End XCVersionGroup section */
	};
	rootObject = B10D22502293A0AC00C0F9BF /* Project object */;
}
